
Microsoft Visual Studio Solution File, Format Version 12.00
# Visual Studio Version 16
VisualStudioVersion = 16.0.31129.286
MinimumVisualStudioVersion = 10.0.40219.1
Project("{9A19103F-16F7-4668-BE54-9A1E7A4F7556}") = "RaceDirector", "src\RaceDirector\RaceDirector.csproj", "{6E4A9171-ACDF-4777-886F-2324C7F600F0}"
	ProjectSection(ProjectDependencies) = postProject
		{7819888D-DC0A-4C8D-A9BA-FA6209170011} = {7819888D-DC0A-4C8D-A9BA-FA6209170011}
	EndProjectSection
EndProject
Project("{9A19103F-16F7-4668-BE54-9A1E7A4F7556}") = "RaceDirector.Interface", "src\RaceDirector.Interface\RaceDirector.Interface.csproj", "{0345CE39-30DF-4075-BB13-A41687C9EDC9}"
EndProject
Project("{9A19103F-16F7-4668-BE54-9A1E7A4F7556}") = "RaceDirector.Tests", "tests\RaceDirector.Tests\RaceDirector.Tests.csproj", "{34F5609F-1C5F-47F3-8D17-B6A97E5D566F}"
EndProject
Project("{9A19103F-16F7-4668-BE54-9A1E7A4F7556}") = "RaceDirector.Tests.Ext.Process", "tests\RaceDirector.Tests.Ext.Process\RaceDirector.Tests.Ext.Process.csproj", "{BA783BFC-E7A7-4034-9D57-2056AFA846B4}"
EndProject
Project("{9A19103F-16F7-4668-BE54-9A1E7A4F7556}") = "HUD", "src\HUD.Plugin\HUD.Plugin.csproj", "{7819888D-DC0A-4C8D-A9BA-FA6209170011}"
	ProjectSection(ProjectDependencies) = postProject
		{0345CE39-30DF-4075-BB13-A41687C9EDC9} = {0345CE39-30DF-4075-BB13-A41687C9EDC9}
	EndProjectSection
EndProject
Project("{9A19103F-16F7-4668-BE54-9A1E7A4F7556}") = "HUD.Tests", "tests\HUD.Plugin.Tests\HUD.Plugin.Tests.csproj", "{D14B7BAB-1A5E-4BD4-AEB1-CE4012356350}"
EndProject
Project("{FAE04EC0-301F-11D3-BF4B-00C04F79EFBC}") = "RaceDirector.Plugin", "src\RaceDirector.Plugin\RaceDirector.Plugin.csproj", "{0F9EC692-210A-4D08-91AE-D2FB7462DEE9}"
EndProject
Project("{FAE04EC0-301F-11D3-BF4B-00C04F79EFBC}") = "Remote.Networking", "src\Remote.Networking\Remote.Networking.csproj", "{AA02861E-3754-49FF-8113-59F8133A7462}"
EndProject
Project("{FAE04EC0-301F-11D3-BF4B-00C04F79EFBC}") = "Remote.Networking.Tests", "tests\Remote.Networking.Tests\Remote.Networking.Tests.csproj", "{A1B87775-7C24-4C7B-9089-41696F95822D}"
EndProject
Project("{FAE04EC0-301F-11D3-BF4B-00C04F79EFBC}") = "Remote.Plugin", "src\Remote.Plugin\Remote.Plugin.csproj", "{E7BAD911-B03A-453D-83F1-416F4F3ABD29}"
EndProject
Project("{FAE04EC0-301F-11D3-BF4B-00C04F79EFBC}") = "Remote.Plugin.Tests", "tests\Remote.Plugin.Tests\Remote.Plugin.Tests.csproj", "{159A089A-A532-4995-929C-B595247DDE8F}"
EndProject
Project("{FAE04EC0-301F-11D3-BF4B-00C04F79EFBC}") = "TestUtils", "tests\TestUtils\TestUtils.csproj", "{23620357-3A81-4641-8F1D-D86E931D6CCB}"
EndProject
Project("{FAE04EC0-301F-11D3-BF4B-00C04F79EFBC}") = "PitCrew.Server", "src\PitCrew.Server\PitCrew.Server.csproj", "{EF63A2D8-5FCB-42A3-9AE8-B056F27D45D8}"
EndProject
Project("{FAE04EC0-301F-11D3-BF4B-00C04F79EFBC}") = "PitCrew.Plugin", "src\PitCrew.Plugin\PitCrew.Plugin.csproj", "{1A75CA39-AFEF-42C6-9184-C54AB81B4660}"
EndProject
Project("{FAE04EC0-301F-11D3-BF4B-00C04F79EFBC}") = "DeviceIO.Plugin", "src\DeviceIO.Plugin\DeviceIO.Plugin.csproj", "{D862DDC9-5939-442F-BB69-3B5460E7B96F}"
EndProject
Project("{FAE04EC0-301F-11D3-BF4B-00C04F79EFBC}") = "DeviceIO.Interface", "src\DeviceIO.Interface\DeviceIO.Interface.csproj", "{7B031D64-E094-4C2E-9F6F-E9B51FEC261E}"
EndProject
Project("{FAE04EC0-301F-11D3-BF4B-00C04F79EFBC}") = "PitCrew.Plugin.Tests", "tests\PitCrew.Plugin.Tests\PitCrew.Plugin.Tests.csproj", "{4ED6FB04-DDD1-41FF-A2B1-3FB5E2132C0D}"
EndProject
Project("{FAE04EC0-301F-11D3-BF4B-00C04F79EFBC}") = "PitCrew.Server.Tests", "tests\PitCrew.Server.Tests\PitCrew.Server.Tests.csproj", "{8A842743-DD7B-4909-A02D-C906994F4575}"
EndProject
Project("{FAE04EC0-301F-11D3-BF4B-00C04F79EFBC}") = "PitCrew.Interface", "src\PitCrew.Interface\PitCrew.Interface.csproj", "{07F03868-92B8-452D-AD93-71F0E8B47281}"
EndProject
Project("{FAE04EC0-301F-11D3-BF4B-00C04F79EFBC}") = "RaceDirector.Reactive", "src\RaceDirector.Reactive\RaceDirector.Reactive.csproj", "{B33AD34C-3A9A-4812-8AB7-82B479F5FD4D}"
EndProject
Project("{FAE04EC0-301F-11D3-BF4B-00C04F79EFBC}") = "RaceDirector.Reactive.Tests", "tests\RaceDirector.Reactive.Tests\RaceDirector.Reactive.Tests.csproj", "{75CF5E50-68D8-4155-A3FC-D9D9ECB845D1}"
EndProject
Global
	GlobalSection(SolutionConfigurationPlatforms) = preSolution
		Debug|Any CPU = Debug|Any CPU
		Release|Any CPU = Release|Any CPU
	EndGlobalSection
	GlobalSection(ProjectConfigurationPlatforms) = postSolution
		{6E4A9171-ACDF-4777-886F-2324C7F600F0}.Debug|Any CPU.ActiveCfg = Debug|Any CPU
		{6E4A9171-ACDF-4777-886F-2324C7F600F0}.Debug|Any CPU.Build.0 = Debug|Any CPU
		{6E4A9171-ACDF-4777-886F-2324C7F600F0}.Release|Any CPU.ActiveCfg = Release|Any CPU
		{6E4A9171-ACDF-4777-886F-2324C7F600F0}.Release|Any CPU.Build.0 = Release|Any CPU
		{0345CE39-30DF-4075-BB13-A41687C9EDC9}.Debug|Any CPU.ActiveCfg = Debug|Any CPU
		{0345CE39-30DF-4075-BB13-A41687C9EDC9}.Debug|Any CPU.Build.0 = Debug|Any CPU
		{0345CE39-30DF-4075-BB13-A41687C9EDC9}.Release|Any CPU.ActiveCfg = Release|Any CPU
		{0345CE39-30DF-4075-BB13-A41687C9EDC9}.Release|Any CPU.Build.0 = Release|Any CPU
		{34F5609F-1C5F-47F3-8D17-B6A97E5D566F}.Debug|Any CPU.ActiveCfg = Debug|Any CPU
		{34F5609F-1C5F-47F3-8D17-B6A97E5D566F}.Debug|Any CPU.Build.0 = Debug|Any CPU
		{34F5609F-1C5F-47F3-8D17-B6A97E5D566F}.Release|Any CPU.ActiveCfg = Release|Any CPU
		{34F5609F-1C5F-47F3-8D17-B6A97E5D566F}.Release|Any CPU.Build.0 = Release|Any CPU
		{BA783BFC-E7A7-4034-9D57-2056AFA846B4}.Debug|Any CPU.ActiveCfg = Debug|Any CPU
		{BA783BFC-E7A7-4034-9D57-2056AFA846B4}.Debug|Any CPU.Build.0 = Debug|Any CPU
		{BA783BFC-E7A7-4034-9D57-2056AFA846B4}.Release|Any CPU.ActiveCfg = Release|Any CPU
		{BA783BFC-E7A7-4034-9D57-2056AFA846B4}.Release|Any CPU.Build.0 = Release|Any CPU
		{7819888D-DC0A-4C8D-A9BA-FA6209170011}.Debug|Any CPU.ActiveCfg = Debug|Any CPU
		{7819888D-DC0A-4C8D-A9BA-FA6209170011}.Debug|Any CPU.Build.0 = Debug|Any CPU
		{7819888D-DC0A-4C8D-A9BA-FA6209170011}.Release|Any CPU.ActiveCfg = Release|Any CPU
		{7819888D-DC0A-4C8D-A9BA-FA6209170011}.Release|Any CPU.Build.0 = Release|Any CPU
		{D14B7BAB-1A5E-4BD4-AEB1-CE4012356350}.Debug|Any CPU.ActiveCfg = Debug|Any CPU
		{D14B7BAB-1A5E-4BD4-AEB1-CE4012356350}.Debug|Any CPU.Build.0 = Debug|Any CPU
		{D14B7BAB-1A5E-4BD4-AEB1-CE4012356350}.Release|Any CPU.ActiveCfg = Release|Any CPU
		{D14B7BAB-1A5E-4BD4-AEB1-CE4012356350}.Release|Any CPU.Build.0 = Release|Any CPU
		{0F9EC692-210A-4D08-91AE-D2FB7462DEE9}.Debug|Any CPU.ActiveCfg = Debug|Any CPU
		{0F9EC692-210A-4D08-91AE-D2FB7462DEE9}.Debug|Any CPU.Build.0 = Debug|Any CPU
		{0F9EC692-210A-4D08-91AE-D2FB7462DEE9}.Release|Any CPU.ActiveCfg = Release|Any CPU
		{0F9EC692-210A-4D08-91AE-D2FB7462DEE9}.Release|Any CPU.Build.0 = Release|Any CPU
		{AA02861E-3754-49FF-8113-59F8133A7462}.Debug|Any CPU.ActiveCfg = Debug|Any CPU
		{AA02861E-3754-49FF-8113-59F8133A7462}.Debug|Any CPU.Build.0 = Debug|Any CPU
		{AA02861E-3754-49FF-8113-59F8133A7462}.Release|Any CPU.ActiveCfg = Release|Any CPU
		{AA02861E-3754-49FF-8113-59F8133A7462}.Release|Any CPU.Build.0 = Release|Any CPU
		{A1B87775-7C24-4C7B-9089-41696F95822D}.Debug|Any CPU.ActiveCfg = Debug|Any CPU
		{A1B87775-7C24-4C7B-9089-41696F95822D}.Debug|Any CPU.Build.0 = Debug|Any CPU
		{A1B87775-7C24-4C7B-9089-41696F95822D}.Release|Any CPU.ActiveCfg = Release|Any CPU
		{A1B87775-7C24-4C7B-9089-41696F95822D}.Release|Any CPU.Build.0 = Release|Any CPU
		{E7BAD911-B03A-453D-83F1-416F4F3ABD29}.Debug|Any CPU.ActiveCfg = Debug|Any CPU
		{E7BAD911-B03A-453D-83F1-416F4F3ABD29}.Debug|Any CPU.Build.0 = Debug|Any CPU
		{E7BAD911-B03A-453D-83F1-416F4F3ABD29}.Release|Any CPU.ActiveCfg = Release|Any CPU
		{E7BAD911-B03A-453D-83F1-416F4F3ABD29}.Release|Any CPU.Build.0 = Release|Any CPU
		{159A089A-A532-4995-929C-B595247DDE8F}.Debug|Any CPU.ActiveCfg = Debug|Any CPU
		{159A089A-A532-4995-929C-B595247DDE8F}.Debug|Any CPU.Build.0 = Debug|Any CPU
		{159A089A-A532-4995-929C-B595247DDE8F}.Release|Any CPU.ActiveCfg = Release|Any CPU
		{159A089A-A532-4995-929C-B595247DDE8F}.Release|Any CPU.Build.0 = Release|Any CPU
		{23620357-3A81-4641-8F1D-D86E931D6CCB}.Debug|Any CPU.ActiveCfg = Debug|Any CPU
		{23620357-3A81-4641-8F1D-D86E931D6CCB}.Debug|Any CPU.Build.0 = Debug|Any CPU
		{23620357-3A81-4641-8F1D-D86E931D6CCB}.Release|Any CPU.ActiveCfg = Release|Any CPU
		{23620357-3A81-4641-8F1D-D86E931D6CCB}.Release|Any CPU.Build.0 = Release|Any CPU
		{EF63A2D8-5FCB-42A3-9AE8-B056F27D45D8}.Debug|Any CPU.ActiveCfg = Debug|Any CPU
		{EF63A2D8-5FCB-42A3-9AE8-B056F27D45D8}.Debug|Any CPU.Build.0 = Debug|Any CPU
		{EF63A2D8-5FCB-42A3-9AE8-B056F27D45D8}.Release|Any CPU.ActiveCfg = Release|Any CPU
		{EF63A2D8-5FCB-42A3-9AE8-B056F27D45D8}.Release|Any CPU.Build.0 = Release|Any CPU
		{1A75CA39-AFEF-42C6-9184-C54AB81B4660}.Debug|Any CPU.ActiveCfg = Debug|Any CPU
		{1A75CA39-AFEF-42C6-9184-C54AB81B4660}.Debug|Any CPU.Build.0 = Debug|Any CPU
		{1A75CA39-AFEF-42C6-9184-C54AB81B4660}.Release|Any CPU.ActiveCfg = Release|Any CPU
		{1A75CA39-AFEF-42C6-9184-C54AB81B4660}.Release|Any CPU.Build.0 = Release|Any CPU
		{D862DDC9-5939-442F-BB69-3B5460E7B96F}.Debug|Any CPU.ActiveCfg = Debug|Any CPU
		{D862DDC9-5939-442F-BB69-3B5460E7B96F}.Debug|Any CPU.Build.0 = Debug|Any CPU
		{D862DDC9-5939-442F-BB69-3B5460E7B96F}.Release|Any CPU.ActiveCfg = Release|Any CPU
		{D862DDC9-5939-442F-BB69-3B5460E7B96F}.Release|Any CPU.Build.0 = Release|Any CPU
		{7B031D64-E094-4C2E-9F6F-E9B51FEC261E}.Debug|Any CPU.ActiveCfg = Debug|Any CPU
		{7B031D64-E094-4C2E-9F6F-E9B51FEC261E}.Debug|Any CPU.Build.0 = Debug|Any CPU
		{7B031D64-E094-4C2E-9F6F-E9B51FEC261E}.Release|Any CPU.ActiveCfg = Release|Any CPU
		{7B031D64-E094-4C2E-9F6F-E9B51FEC261E}.Release|Any CPU.Build.0 = Release|Any CPU
		{4ED6FB04-DDD1-41FF-A2B1-3FB5E2132C0D}.Debug|Any CPU.ActiveCfg = Debug|Any CPU
		{4ED6FB04-DDD1-41FF-A2B1-3FB5E2132C0D}.Debug|Any CPU.Build.0 = Debug|Any CPU
		{4ED6FB04-DDD1-41FF-A2B1-3FB5E2132C0D}.Release|Any CPU.ActiveCfg = Release|Any CPU
		{4ED6FB04-DDD1-41FF-A2B1-3FB5E2132C0D}.Release|Any CPU.Build.0 = Release|Any CPU
		{8A842743-DD7B-4909-A02D-C906994F4575}.Debug|Any CPU.ActiveCfg = Debug|Any CPU
		{8A842743-DD7B-4909-A02D-C906994F4575}.Debug|Any CPU.Build.0 = Debug|Any CPU
		{8A842743-DD7B-4909-A02D-C906994F4575}.Release|Any CPU.ActiveCfg = Release|Any CPU
		{8A842743-DD7B-4909-A02D-C906994F4575}.Release|Any CPU.Build.0 = Release|Any CPU
		{07F03868-92B8-452D-AD93-71F0E8B47281}.Debug|Any CPU.ActiveCfg = Debug|Any CPU
		{07F03868-92B8-452D-AD93-71F0E8B47281}.Debug|Any CPU.Build.0 = Debug|Any CPU
		{07F03868-92B8-452D-AD93-71F0E8B47281}.Release|Any CPU.ActiveCfg = Release|Any CPU
		{07F03868-92B8-452D-AD93-71F0E8B47281}.Release|Any CPU.Build.0 = Release|Any CPU
		{B33AD34C-3A9A-4812-8AB7-82B479F5FD4D}.Debug|Any CPU.ActiveCfg = Debug|Any CPU
		{B33AD34C-3A9A-4812-8AB7-82B479F5FD4D}.Debug|Any CPU.Build.0 = Debug|Any CPU
		{B33AD34C-3A9A-4812-8AB7-82B479F5FD4D}.Release|Any CPU.ActiveCfg = Release|Any CPU
		{B33AD34C-3A9A-4812-8AB7-82B479F5FD4D}.Release|Any CPU.Build.0 = Release|Any CPU
		{75CF5E50-68D8-4155-A3FC-D9D9ECB845D1}.Debug|Any CPU.ActiveCfg = Debug|Any CPU
		{75CF5E50-68D8-4155-A3FC-D9D9ECB845D1}.Debug|Any CPU.Build.0 = Debug|Any CPU
		{75CF5E50-68D8-4155-A3FC-D9D9ECB845D1}.Release|Any CPU.ActiveCfg = Release|Any CPU
		{75CF5E50-68D8-4155-A3FC-D9D9ECB845D1}.Release|Any CPU.Build.0 = Release|Any CPU
	EndGlobalSection
	GlobalSection(SolutionProperties) = preSolution
		HideSolutionNode = FALSE
	EndGlobalSection
	GlobalSection(ExtensibilityGlobals) = postSolution
		SolutionGuid = {35D70AC3-57E5-44A5-B7CC-16D29A82BCF4}
	EndGlobalSection
EndGlobal
